// !$*UTF8*$!
{
	archiveVersion = 1;
	classes = {
	};
	objectVersion = 48;
	objects = {

/* Begin PBXBuildFile section */
		8D26DFAC204F0C0C00E4B39B /* RestaurantTableViewCell.swift in Sources */ = {isa = PBXBuildFile; fileRef = 8D26DFAB204F0C0C00E4B39B /* RestaurantTableViewCell.swift */; };
		8D4C90CC2051BD5200144A41 /* RestaurantDetailViewController.swift in Sources */ = {isa = PBXBuildFile; fileRef = 8D4C90CB2051BD5200144A41 /* RestaurantDetailViewController.swift */; };
		8D4C90CE2051C7B800144A41 /* Restaurant.swift in Sources */ = {isa = PBXBuildFile; fileRef = 8D4C90CD2051C7B800144A41 /* Restaurant.swift */; };
		8D4C90DF2052B44D00144A41 /* Rubik-Regular.ttf in Resources */ = {isa = PBXBuildFile; fileRef = 8D4C90D52052B44D00144A41 /* Rubik-Regular.ttf */; };
		8D4C90E02052B44D00144A41 /* Rubik-MediumItalic.ttf in Resources */ = {isa = PBXBuildFile; fileRef = 8D4C90D62052B44D00144A41 /* Rubik-MediumItalic.ttf */; };
		8D4C90E12052B44D00144A41 /* Rubik-BoldItalic.ttf in Resources */ = {isa = PBXBuildFile; fileRef = 8D4C90D72052B44D00144A41 /* Rubik-BoldItalic.ttf */; };
		8D4C90E22052B44D00144A41 /* Rubik-Medium.ttf in Resources */ = {isa = PBXBuildFile; fileRef = 8D4C90D82052B44D00144A41 /* Rubik-Medium.ttf */; };
		8D4C90E32052B44D00144A41 /* Rubik-BlackItalic.ttf in Resources */ = {isa = PBXBuildFile; fileRef = 8D4C90D92052B44D00144A41 /* Rubik-BlackItalic.ttf */; };
		8D4C90E42052B44D00144A41 /* Rubik-Bold.ttf in Resources */ = {isa = PBXBuildFile; fileRef = 8D4C90DA2052B44D00144A41 /* Rubik-Bold.ttf */; };
		8D4C90E52052B44D00144A41 /* Rubik-Black.ttf in Resources */ = {isa = PBXBuildFile; fileRef = 8D4C90DB2052B44D00144A41 /* Rubik-Black.ttf */; };
		8D4C90E62052B44D00144A41 /* Rubik-Light.ttf in Resources */ = {isa = PBXBuildFile; fileRef = 8D4C90DC2052B44D00144A41 /* Rubik-Light.ttf */; };
		8D4C90E72052B44D00144A41 /* Rubik-LightItalic.ttf in Resources */ = {isa = PBXBuildFile; fileRef = 8D4C90DD2052B44D00144A41 /* Rubik-LightItalic.ttf */; };
		8D4C90E82052B44D00144A41 /* Rubik-Italic.ttf in Resources */ = {isa = PBXBuildFile; fileRef = 8D4C90DE2052B44D00144A41 /* Rubik-Italic.ttf */; };
		8D4C90EA2052B73000144A41 /* RestaurantDetailHeaderView.swift in Sources */ = {isa = PBXBuildFile; fileRef = 8D4C90E92052B73000144A41 /* RestaurantDetailHeaderView.swift */; };
		8D4C90EC2052DEAA00144A41 /* RestaurantDetailIconTextCell.swift in Sources */ = {isa = PBXBuildFile; fileRef = 8D4C90EB2052DEAA00144A41 /* RestaurantDetailIconTextCell.swift */; };
		8D4C90EE2052E04000144A41 /* RestaurantDetailTextCell.swift in Sources */ = {isa = PBXBuildFile; fileRef = 8D4C90ED2052E04000144A41 /* RestaurantDetailTextCell.swift */; };
		8D53324B20566E22001A80E0 /* RoundedTextField.swift in Sources */ = {isa = PBXBuildFile; fileRef = 8D53324A20566E22001A80E0 /* RoundedTextField.swift */; };
		8D53324D20566FB3001A80E0 /* NewRestaurantController.swift in Sources */ = {isa = PBXBuildFile; fileRef = 8D53324C20566FB3001A80E0 /* NewRestaurantController.swift */; };
		8D97996B204ED2FE001AFE28 /* AppDelegate.swift in Sources */ = {isa = PBXBuildFile; fileRef = 8D97996A204ED2FE001AFE28 /* AppDelegate.swift */; };
		8D979970204ED2FE001AFE28 /* Main.storyboard in Resources */ = {isa = PBXBuildFile; fileRef = 8D97996E204ED2FE001AFE28 /* Main.storyboard */; };
		8D979972204ED2FE001AFE28 /* Assets.xcassets in Resources */ = {isa = PBXBuildFile; fileRef = 8D979971204ED2FE001AFE28 /* Assets.xcassets */; };
		8D979975204ED2FE001AFE28 /* LaunchScreen.storyboard in Resources */ = {isa = PBXBuildFile; fileRef = 8D979973204ED2FE001AFE28 /* LaunchScreen.storyboard */; };
		8D97997D204ED368001AFE28 /* RestaurantTableViewController.swift in Sources */ = {isa = PBXBuildFile; fileRef = 8D97997C204ED368001AFE28 /* RestaurantTableViewController.swift */; };
		8DC1C2BD205842C800A94D0B /* FoodPin.xcdatamodeld in Sources */ = {isa = PBXBuildFile; fileRef = 8DC1C2BB205842C800A94D0B /* FoodPin.xcdatamodeld */; };
		8DC7619A2053F93900E80DD5 /* UIColor+Ext.swift in Sources */ = {isa = PBXBuildFile; fileRef = 8DC761992053F93900E80DD5 /* UIColor+Ext.swift */; };
		8DC7619F205446FA00E80DD5 /* MapKit.framework in Frameworks */ = {isa = PBXBuildFile; fileRef = 8DC7619E205446FA00E80DD5 /* MapKit.framework */; };
		8DC761A1205448DE00E80DD5 /* RestaurantDetailSeperatorCell.swift in Sources */ = {isa = PBXBuildFile; fileRef = 8DC761A0205448DE00E80DD5 /* RestaurantDetailSeperatorCell.swift */; };
		8DC761A32054491E00E80DD5 /* RestaurantDetailMapCell.swift in Sources */ = {isa = PBXBuildFile; fileRef = 8DC761A22054491E00E80DD5 /* RestaurantDetailMapCell.swift */; };
		8DC761A520544A6000E80DD5 /* UINavigationController+Ext.swift in Sources */ = {isa = PBXBuildFile; fileRef = 8DC761A420544A6000E80DD5 /* UINavigationController+Ext.swift */; };
		8DC761A7205451F900E80DD5 /* MapViewController.swift in Sources */ = {isa = PBXBuildFile; fileRef = 8DC761A6205451F900E80DD5 /* MapViewController.swift */; };
		8DD5805120555A6A000F4C55 /* ReviewViewController.swift in Sources */ = {isa = PBXBuildFile; fileRef = 8DD5805020555A6A000F4C55 /* ReviewViewController.swift */; };
/* End PBXBuildFile section */

/* Begin PBXFileReference section */
		8D26DFAB204F0C0C00E4B39B /* RestaurantTableViewCell.swift */ = {isa = PBXFileReference; lastKnownFileType = sourcecode.swift; path = RestaurantTableViewCell.swift; sourceTree = "<group>"; };
		8D4C90CB2051BD5200144A41 /* RestaurantDetailViewController.swift */ = {isa = PBXFileReference; lastKnownFileType = sourcecode.swift; path = RestaurantDetailViewController.swift; sourceTree = "<group>"; };
		8D4C90CD2051C7B800144A41 /* Restaurant.swift */ = {isa = PBXFileReference; lastKnownFileType = sourcecode.swift; path = Restaurant.swift; sourceTree = "<group>"; };
		8D4C90D52052B44D00144A41 /* Rubik-Regular.ttf */ = {isa = PBXFileReference; lastKnownFileType = file; path = "Rubik-Regular.ttf"; sourceTree = "<group>"; };
		8D4C90D62052B44D00144A41 /* Rubik-MediumItalic.ttf */ = {isa = PBXFileReference; lastKnownFileType = file; path = "Rubik-MediumItalic.ttf"; sourceTree = "<group>"; };
		8D4C90D72052B44D00144A41 /* Rubik-BoldItalic.ttf */ = {isa = PBXFileReference; lastKnownFileType = file; path = "Rubik-BoldItalic.ttf"; sourceTree = "<group>"; };
		8D4C90D82052B44D00144A41 /* Rubik-Medium.ttf */ = {isa = PBXFileReference; lastKnownFileType = file; path = "Rubik-Medium.ttf"; sourceTree = "<group>"; };
		8D4C90D92052B44D00144A41 /* Rubik-BlackItalic.ttf */ = {isa = PBXFileReference; lastKnownFileType = file; path = "Rubik-BlackItalic.ttf"; sourceTree = "<group>"; };
		8D4C90DA2052B44D00144A41 /* Rubik-Bold.ttf */ = {isa = PBXFileReference; lastKnownFileType = file; path = "Rubik-Bold.ttf"; sourceTree = "<group>"; };
		8D4C90DB2052B44D00144A41 /* Rubik-Black.ttf */ = {isa = PBXFileReference; lastKnownFileType = file; path = "Rubik-Black.ttf"; sourceTree = "<group>"; };
		8D4C90DC2052B44D00144A41 /* Rubik-Light.ttf */ = {isa = PBXFileReference; lastKnownFileType = file; path = "Rubik-Light.ttf"; sourceTree = "<group>"; };
		8D4C90DD2052B44D00144A41 /* Rubik-LightItalic.ttf */ = {isa = PBXFileReference; lastKnownFileType = file; path = "Rubik-LightItalic.ttf"; sourceTree = "<group>"; };
		8D4C90DE2052B44D00144A41 /* Rubik-Italic.ttf */ = {isa = PBXFileReference; lastKnownFileType = file; path = "Rubik-Italic.ttf"; sourceTree = "<group>"; };
		8D4C90E92052B73000144A41 /* RestaurantDetailHeaderView.swift */ = {isa = PBXFileReference; lastKnownFileType = sourcecode.swift; name = RestaurantDetailHeaderView.swift; path = FoodPin/View/RestaurantDetailHeaderView.swift; sourceTree = SOURCE_ROOT; };
		8D4C90EB2052DEAA00144A41 /* RestaurantDetailIconTextCell.swift */ = {isa = PBXFileReference; lastKnownFileType = sourcecode.swift; path = RestaurantDetailIconTextCell.swift; sourceTree = "<group>"; };
		8D4C90ED2052E04000144A41 /* RestaurantDetailTextCell.swift */ = {isa = PBXFileReference; lastKnownFileType = sourcecode.swift; path = RestaurantDetailTextCell.swift; sourceTree = "<group>"; };
		8D53324A20566E22001A80E0 /* RoundedTextField.swift */ = {isa = PBXFileReference; lastKnownFileType = sourcecode.swift; path = RoundedTextField.swift; sourceTree = "<group>"; };
		8D53324C20566FB3001A80E0 /* NewRestaurantController.swift */ = {isa = PBXFileReference; lastKnownFileType = sourcecode.swift; path = NewRestaurantController.swift; sourceTree = "<group>"; };
		8D979967204ED2FE001AFE28 /* FoodPin.app */ = {isa = PBXFileReference; explicitFileType = wrapper.application; includeInIndex = 0; path = FoodPin.app; sourceTree = BUILT_PRODUCTS_DIR; };
		8D97996A204ED2FE001AFE28 /* AppDelegate.swift */ = {isa = PBXFileReference; lastKnownFileType = sourcecode.swift; path = AppDelegate.swift; sourceTree = "<group>"; };
		8D97996F204ED2FE001AFE28 /* Base */ = {isa = PBXFileReference; lastKnownFileType = file.storyboard; name = Base; path = Base.lproj/Main.storyboard; sourceTree = "<group>"; };
		8D979971204ED2FE001AFE28 /* Assets.xcassets */ = {isa = PBXFileReference; lastKnownFileType = folder.assetcatalog; path = Assets.xcassets; sourceTree = "<group>"; };
		8D979974204ED2FE001AFE28 /* Base */ = {isa = PBXFileReference; lastKnownFileType = file.storyboard; name = Base; path = Base.lproj/LaunchScreen.storyboard; sourceTree = "<group>"; };
		8D979976204ED2FE001AFE28 /* Info.plist */ = {isa = PBXFileReference; lastKnownFileType = text.plist.xml; path = Info.plist; sourceTree = "<group>"; };
		8D97997C204ED368001AFE28 /* RestaurantTableViewController.swift */ = {isa = PBXFileReference; lastKnownFileType = sourcecode.swift; path = RestaurantTableViewController.swift; sourceTree = "<group>"; };
		8DC1C2BC205842C800A94D0B /* FoodPin.xcdatamodel */ = {isa = PBXFileReference; lastKnownFileType = wrapper.xcdatamodel; path = FoodPin.xcdatamodel; sourceTree = "<group>"; };
		8DC761992053F93900E80DD5 /* UIColor+Ext.swift */ = {isa = PBXFileReference; lastKnownFileType = sourcecode.swift; path = "UIColor+Ext.swift"; sourceTree = "<group>"; };
		8DC7619E205446FA00E80DD5 /* MapKit.framework */ = {isa = PBXFileReference; lastKnownFileType = wrapper.framework; name = MapKit.framework; path = System/Library/Frameworks/MapKit.framework; sourceTree = SDKROOT; };
		8DC761A0205448DE00E80DD5 /* RestaurantDetailSeperatorCell.swift */ = {isa = PBXFileReference; lastKnownFileType = sourcecode.swift; path = RestaurantDetailSeperatorCell.swift; sourceTree = "<group>"; };
		8DC761A22054491E00E80DD5 /* RestaurantDetailMapCell.swift */ = {isa = PBXFileReference; lastKnownFileType = sourcecode.swift; path = RestaurantDetailMapCell.swift; sourceTree = "<group>"; };
		8DC761A420544A6000E80DD5 /* UINavigationController+Ext.swift */ = {isa = PBXFileReference; lastKnownFileType = sourcecode.swift; path = "UINavigationController+Ext.swift"; sourceTree = "<group>"; };
		8DC761A6205451F900E80DD5 /* MapViewController.swift */ = {isa = PBXFileReference; lastKnownFileType = sourcecode.swift; path = MapViewController.swift; sourceTree = "<group>"; };
		8DD5805020555A6A000F4C55 /* ReviewViewController.swift */ = {isa = PBXFileReference; lastKnownFileType = sourcecode.swift; path = ReviewViewController.swift; sourceTree = "<group>"; };
/* End PBXFileReference section */

/* Begin PBXFrameworksBuildPhase section */
		8D979964204ED2FE001AFE28 /* Frameworks */ = {
			isa = PBXFrameworksBuildPhase;
			buildActionMask = 2147483647;
			files = (
				8DC7619F205446FA00E80DD5 /* MapKit.framework in Frameworks */,
			);
			runOnlyForDeploymentPostprocessing = 0;
		};
/* End PBXFrameworksBuildPhase section */

/* Begin PBXGroup section */
		8D4C90CF2051E5BB00144A41 /* Storyboard */ = {
			isa = PBXGroup;
			children = (
				8D97996E204ED2FE001AFE28 /* Main.storyboard */,
				8D979973204ED2FE001AFE28 /* LaunchScreen.storyboard */,
			);
			path = Storyboard;
			sourceTree = "<group>";
		};
		8D4C90D02051E5CA00144A41 /* Model */ = {
			isa = PBXGroup;
			children = (
				8D4C90CD2051C7B800144A41 /* Restaurant.swift */,
			);
			path = Model;
			sourceTree = "<group>";
		};
		8D4C90D12051E5D600144A41 /* View */ = {
			isa = PBXGroup;
			children = (
				8D4C90E92052B73000144A41 /* RestaurantDetailHeaderView.swift */,
				8D26DFAB204F0C0C00E4B39B /* RestaurantTableViewCell.swift */,
				8D4C90EB2052DEAA00144A41 /* RestaurantDetailIconTextCell.swift */,
				8D4C90ED2052E04000144A41 /* RestaurantDetailTextCell.swift */,
				8DC761A0205448DE00E80DD5 /* RestaurantDetailSeperatorCell.swift */,
				8DC761A22054491E00E80DD5 /* RestaurantDetailMapCell.swift */,
				8D53324A20566E22001A80E0 /* RoundedTextField.swift */,
			);
			path = View;
			sourceTree = "<group>";
		};
		8D4C90D22051E5DB00144A41 /* Controller */ = {
			isa = PBXGroup;
			children = (
				8D97997C204ED368001AFE28 /* RestaurantTableViewController.swift */,
				8D4C90CB2051BD5200144A41 /* RestaurantDetailViewController.swift */,
				8DC761A6205451F900E80DD5 /* MapViewController.swift */,
				8DD5805020555A6A000F4C55 /* ReviewViewController.swift */,
				8D53324C20566FB3001A80E0 /* NewRestaurantController.swift */,
			);
			path = Controller;
			sourceTree = "<group>";
		};
		8D4C90D32052B42A00144A41 /* Resources */ = {
			isa = PBXGroup;
			children = (
				8D4C90D42052B43900144A41 /* Fonts */,
			);
			path = Resources;
			sourceTree = "<group>";
		};
		8D4C90D42052B43900144A41 /* Fonts */ = {
			isa = PBXGroup;
			children = (
				8D4C90DB2052B44D00144A41 /* Rubik-Black.ttf */,
				8D4C90D92052B44D00144A41 /* Rubik-BlackItalic.ttf */,
				8D4C90DA2052B44D00144A41 /* Rubik-Bold.ttf */,
				8D4C90D72052B44D00144A41 /* Rubik-BoldItalic.ttf */,
				8D4C90DE2052B44D00144A41 /* Rubik-Italic.ttf */,
				8D4C90DC2052B44D00144A41 /* Rubik-Light.ttf */,
				8D4C90DD2052B44D00144A41 /* Rubik-LightItalic.ttf */,
				8D4C90D82052B44D00144A41 /* Rubik-Medium.ttf */,
				8D4C90D62052B44D00144A41 /* Rubik-MediumItalic.ttf */,
				8D4C90D52052B44D00144A41 /* Rubik-Regular.ttf */,
			);
			path = Fonts;
			sourceTree = "<group>";
		};
		8D97995E204ED2FE001AFE28 = {
			isa = PBXGroup;
			children = (
				8D979969204ED2FE001AFE28 /* FoodPin */,
				8D979968204ED2FE001AFE28 /* Products */,
				8DC7619D205446FA00E80DD5 /* Frameworks */,
			);
			sourceTree = "<group>";
		};
		8D979968204ED2FE001AFE28 /* Products */ = {
			isa = PBXGroup;
			children = (
				8D979967204ED2FE001AFE28 /* FoodPin.app */,
			);
			name = Products;
			sourceTree = "<group>";
		};
		8D979969204ED2FE001AFE28 /* FoodPin */ = {
			isa = PBXGroup;
			children = (
				8DC761982053F84800E80DD5 /* Extensions */,
				8D4C90CF2051E5BB00144A41 /* Storyboard */,
				8D4C90D02051E5CA00144A41 /* Model */,
				8D4C90D12051E5D600144A41 /* View */,
				8D4C90D22051E5DB00144A41 /* Controller */,
				8D4C90D32052B42A00144A41 /* Resources */,
				8D979976204ED2FE001AFE28 /* Info.plist */,
				8D979971204ED2FE001AFE28 /* Assets.xcassets */,
				8D97996A204ED2FE001AFE28 /* AppDelegate.swift */,
				8DC1C2BB205842C800A94D0B /* FoodPin.xcdatamodeld */,
			);
			path = FoodPin;
			sourceTree = "<group>";
		};
		8DC761982053F84800E80DD5 /* Extensions */ = {
			isa = PBXGroup;
			children = (
				8DC761992053F93900E80DD5 /* UIColor+Ext.swift */,
				8DC761A420544A6000E80DD5 /* UINavigationController+Ext.swift */,
			);
			path = Extensions;
			sourceTree = "<group>";
		};
		8DC7619D205446FA00E80DD5 /* Frameworks */ = {
			isa = PBXGroup;
			children = (
				8DC7619E205446FA00E80DD5 /* MapKit.framework */,
			);
			name = Frameworks;
			sourceTree = "<group>";
		};
/* End PBXGroup section */

/* Begin PBXNativeTarget section */
		8D979966204ED2FE001AFE28 /* FoodPin */ = {
			isa = PBXNativeTarget;
			buildConfigurationList = 8D979979204ED2FE001AFE28 /* Build configuration list for PBXNativeTarget "FoodPin" */;
			buildPhases = (
				8D979963204ED2FE001AFE28 /* Sources */,
				8D979964204ED2FE001AFE28 /* Frameworks */,
				8D979965204ED2FE001AFE28 /* Resources */,
			);
			buildRules = (
			);
			dependencies = (
			);
			name = FoodPin;
			productName = FoodPin;
			productReference = 8D979967204ED2FE001AFE28 /* FoodPin.app */;
			productType = "com.apple.product-type.application";
		};
/* End PBXNativeTarget section */

/* Begin PBXProject section */
		8D97995F204ED2FE001AFE28 /* Project object */ = {
			isa = PBXProject;
			attributes = {
				LastSwiftUpdateCheck = 0920;
				LastUpgradeCheck = 0920;
				ORGANIZATIONNAME = jtang0506;
				TargetAttributes = {
					8D979966204ED2FE001AFE28 = {
						CreatedOnToolsVersion = 9.2;
						ProvisioningStyle = Automatic;
						SystemCapabilities = {
							com.apple.Maps.iOS = {
								enabled = 1;
							};
						};
					};
				};
			};
			buildConfigurationList = 8D979962204ED2FE001AFE28 /* Build configuration list for PBXProject "FoodPin" */;
			compatibilityVersion = "Xcode 8.0";
			developmentRegion = en;
			hasScannedForEncodings = 0;
			knownRegions = (
				en,
				Base,
			);
			mainGroup = 8D97995E204ED2FE001AFE28;
			productRefGroup = 8D979968204ED2FE001AFE28 /* Products */;
			projectDirPath = "";
			projectRoot = "";
			targets = (
				8D979966204ED2FE001AFE28 /* FoodPin */,
			);
		};
/* End PBXProject section */

/* Begin PBXResourcesBuildPhase section */
		8D979965204ED2FE001AFE28 /* Resources */ = {
			isa = PBXResourcesBuildPhase;
			buildActionMask = 2147483647;
			files = (
				8D979975204ED2FE001AFE28 /* LaunchScreen.storyboard in Resources */,
				8D4C90E42052B44D00144A41 /* Rubik-Bold.ttf in Resources */,
				8D4C90E12052B44D00144A41 /* Rubik-BoldItalic.ttf in Resources */,
				8D4C90DF2052B44D00144A41 /* Rubik-Regular.ttf in Resources */,
				8D4C90E02052B44D00144A41 /* Rubik-MediumItalic.ttf in Resources */,
				8D979972204ED2FE001AFE28 /* Assets.xcassets in Resources */,
				8D979970204ED2FE001AFE28 /* Main.storyboard in Resources */,
				8D4C90E32052B44D00144A41 /* Rubik-BlackItalic.ttf in Resources */,
				8D4C90E52052B44D00144A41 /* Rubik-Black.ttf in Resources */,
				8D4C90E72052B44D00144A41 /* Rubik-LightItalic.ttf in Resources */,
				8D4C90E82052B44D00144A41 /* Rubik-Italic.ttf in Resources */,
				8D4C90E22052B44D00144A41 /* Rubik-Medium.ttf in Resources */,
				8D4C90E62052B44D00144A41 /* Rubik-Light.ttf in Resources */,
			);
			runOnlyForDeploymentPostprocessing = 0;
		};
/* End PBXResourcesBuildPhase section */

/* Begin PBXSourcesBuildPhase section */
		8D979963204ED2FE001AFE28 /* Sources */ = {
			isa = PBXSourcesBuildPhase;
			buildActionMask = 2147483647;
			files = (
				8DC761A32054491E00E80DD5 /* RestaurantDetailMapCell.swift in Sources */,
				8D4C90EA2052B73000144A41 /* RestaurantDetailHeaderView.swift in Sources */,
				8DD5805120555A6A000F4C55 /* ReviewViewController.swift in Sources */,
				8DC761A520544A6000E80DD5 /* UINavigationController+Ext.swift in Sources */,
				8D4C90CE2051C7B800144A41 /* Restaurant.swift in Sources */,
				8D4C90EE2052E04000144A41 /* RestaurantDetailTextCell.swift in Sources */,
				8D97997D204ED368001AFE28 /* RestaurantTableViewController.swift in Sources */,
				8DC1C2BD205842C800A94D0B /* FoodPin.xcdatamodeld in Sources */,
				8DC761A7205451F900E80DD5 /* MapViewController.swift in Sources */,
				8D26DFAC204F0C0C00E4B39B /* RestaurantTableViewCell.swift in Sources */,
				8DC761A1205448DE00E80DD5 /* RestaurantDetailSeperatorCell.swift in Sources */,
				8D4C90EC2052DEAA00144A41 /* RestaurantDetailIconTextCell.swift in Sources */,
				8DC7619A2053F93900E80DD5 /* UIColor+Ext.swift in Sources */,
				8D4C90CC2051BD5200144A41 /* RestaurantDetailViewController.swift in Sources */,
				8D53324B20566E22001A80E0 /* RoundedTextField.swift in Sources */,
				8D97996B204ED2FE001AFE28 /* AppDelegate.swift in Sources */,
				8D53324D20566FB3001A80E0 /* NewRestaurantController.swift in Sources */,
			);
			runOnlyForDeploymentPostprocessing = 0;
		};
/* End PBXSourcesBuildPhase section */

/* Begin PBXVariantGroup section */
		8D97996E204ED2FE001AFE28 /* Main.storyboard */ = {
			isa = PBXVariantGroup;
			children = (
				8D97996F204ED2FE001AFE28 /* Base */,
			);
			name = Main.storyboard;
			sourceTree = "<group>";
		};
		8D979973204ED2FE001AFE28 /* LaunchScreen.storyboard */ = {
			isa = PBXVariantGroup;
			children = (
				8D979974204ED2FE001AFE28 /* Base */,
			);
			name = LaunchScreen.storyboard;
			sourceTree = "<group>";
		};
/* End PBXVariantGroup section */

/* Begin XCBuildConfiguration section */
		8D979977204ED2FE001AFE28 /* Debug */ = {
			isa = XCBuildConfiguration;
			buildSettings = {
				ALWAYS_SEARCH_USER_PATHS = NO;
				CLANG_ANALYZER_NONNULL = YES;
				CLANG_ANALYZER_NUMBER_OBJECT_CONVERSION = YES_AGGRESSIVE;
				CLANG_CXX_LANGUAGE_STANDARD = "gnu++14";
				CLANG_CXX_LIBRARY = "libc++";
				CLANG_ENABLE_MODULES = YES;
				CLANG_ENABLE_OBJC_ARC = YES;
				CLANG_WARN_BLOCK_CAPTURE_AUTORELEASING = YES;
				CLANG_WARN_BOOL_CONVERSION = YES;
				CLANG_WARN_COMMA = YES;
				CLANG_WARN_CONSTANT_CONVERSION = YES;
				CLANG_WARN_DIRECT_OBJC_ISA_USAGE = YES_ERROR;
				CLANG_WARN_DOCUMENTATION_COMMENTS = YES;
				CLANG_WARN_EMPTY_BODY = YES;
				CLANG_WARN_ENUM_CONVERSION = YES;
				CLANG_WARN_INFINITE_RECURSION = YES;
				CLANG_WARN_INT_CONVERSION = YES;
				CLANG_WARN_NON_LITERAL_NULL_CONVERSION = YES;
				CLANG_WARN_OBJC_LITERAL_CONVERSION = YES;
				CLANG_WARN_OBJC_ROOT_CLASS = YES_ERROR;
				CLANG_WARN_RANGE_LOOP_ANALYSIS = YES;
				CLANG_WARN_STRICT_PROTOTYPES = YES;
				CLANG_WARN_SUSPICIOUS_MOVE = YES;
				CLANG_WARN_UNGUARDED_AVAILABILITY = YES_AGGRESSIVE;
				CLANG_WARN_UNREACHABLE_CODE = YES;
				CLANG_WARN__DUPLICATE_METHOD_MATCH = YES;
				CODE_SIGN_IDENTITY = "iPhone Developer";
				COPY_PHASE_STRIP = NO;
				DEBUG_INFORMATION_FORMAT = dwarf;
				ENABLE_STRICT_OBJC_MSGSEND = YES;
				ENABLE_TESTABILITY = YES;
				GCC_C_LANGUAGE_STANDARD = gnu11;
				GCC_DYNAMIC_NO_PIC = NO;
				GCC_NO_COMMON_BLOCKS = YES;
				GCC_OPTIMIZATION_LEVEL = 0;
				GCC_PREPROCESSOR_DEFINITIONS = (
					"DEBUG=1",
					"$(inherited)",
				);
				GCC_WARN_64_TO_32_BIT_CONVERSION = YES;
				GCC_WARN_ABOUT_RETURN_TYPE = YES_ERROR;
				GCC_WARN_UNDECLARED_SELECTOR = YES;
				GCC_WARN_UNINITIALIZED_AUTOS = YES_AGGRESSIVE;
				GCC_WARN_UNUSED_FUNCTION = YES;
				GCC_WARN_UNUSED_VARIABLE = YES;
				IPHONEOS_DEPLOYMENT_TARGET = 11.2;
				MTL_ENABLE_DEBUG_INFO = YES;
				ONLY_ACTIVE_ARCH = YES;
				SDKROOT = iphoneos;
				SWIFT_ACTIVE_COMPILATION_CONDITIONS = DEBUG;
				SWIFT_OPTIMIZATION_LEVEL = "-Onone";
			};
			name = Debug;
		};
		8D979978204ED2FE001AFE28 /* Release */ = {
			isa = XCBuildConfiguration;
			buildSettings = {
				ALWAYS_SEARCH_USER_PATHS = NO;
				CLANG_ANALYZER_NONNULL = YES;
				CLANG_ANALYZER_NUMBER_OBJECT_CONVERSION = YES_AGGRESSIVE;
				CLANG_CXX_LANGUAGE_STANDARD = "gnu++14";
				CLANG_CXX_LIBRARY = "libc++";
				CLANG_ENABLE_MODULES = YES;
				CLANG_ENABLE_OBJC_ARC = YES;
				CLANG_WARN_BLOCK_CAPTURE_AUTORELEASING = YES;
				CLANG_WARN_BOOL_CONVERSION = YES;
				CLANG_WARN_COMMA = YES;
				CLANG_WARN_CONSTANT_CONVERSION = YES;
				CLANG_WARN_DIRECT_OBJC_ISA_USAGE = YES_ERROR;
				CLANG_WARN_DOCUMENTATION_COMMENTS = YES;
				CLANG_WARN_EMPTY_BODY = YES;
				CLANG_WARN_ENUM_CONVERSION = YES;
				CLANG_WARN_INFINITE_RECURSION = YES;
				CLANG_WARN_INT_CONVERSION = YES;
				CLANG_WARN_NON_LITERAL_NULL_CONVERSION = YES;
				CLANG_WARN_OBJC_LITERAL_CONVERSION = YES;
				CLANG_WARN_OBJC_ROOT_CLASS = YES_ERROR;
				CLANG_WARN_RANGE_LOOP_ANALYSIS = YES;
				CLANG_WARN_STRICT_PROTOTYPES = YES;
				CLANG_WARN_SUSPICIOUS_MOVE = YES;
				CLANG_WARN_UNGUARDED_AVAILABILITY = YES_AGGRESSIVE;
				CLANG_WARN_UNREACHABLE_CODE = YES;
				CLANG_WARN__DUPLICATE_METHOD_MATCH = YES;
				CODE_SIGN_IDENTITY = "iPhone Developer";
				COPY_PHASE_STRIP = NO;
				DEBUG_INFORMATION_FORMAT = "dwarf-with-dsym";
				ENABLE_NS_ASSERTIONS = NO;
				ENABLE_STRICT_OBJC_MSGSEND = YES;
				GCC_C_LANGUAGE_STANDARD = gnu11;
				GCC_NO_COMMON_BLOCKS = YES;
				GCC_WARN_64_TO_32_BIT_CONVERSION = YES;
				GCC_WARN_ABOUT_RETURN_TYPE = YES_ERROR;
				GCC_WARN_UNDECLARED_SELECTOR = YES;
				GCC_WARN_UNINITIALIZED_AUTOS = YES_AGGRESSIVE;
				GCC_WARN_UNUSED_FUNCTION = YES;
				GCC_WARN_UNUSED_VARIABLE = YES;
				IPHONEOS_DEPLOYMENT_TARGET = 11.2;
				MTL_ENABLE_DEBUG_INFO = NO;
				SDKROOT = iphoneos;
				SWIFT_OPTIMIZATION_LEVEL = "-Owholemodule";
				VALIDATE_PRODUCT = YES;
			};
			name = Release;
		};
		8D97997A204ED2FE001AFE28 /* Debug */ = {
			isa = XCBuildConfiguration;
			buildSettings = {
				ASSETCATALOG_COMPILER_APPICON_NAME = AppIcon;
				CODE_SIGN_STYLE = Automatic;
				DEVELOPMENT_TEAM = HKNDM66956;
				INFOPLIST_FILE = FoodPin/Info.plist;
				IPHONEOS_DEPLOYMENT_TARGET = 11.2;
				LD_RUNPATH_SEARCH_PATHS = "$(inherited) @executable_path/Frameworks";
				PRODUCT_BUNDLE_IDENTIFIER = io.github.jtang0506.FoodPin;
				PRODUCT_NAME = "$(TARGET_NAME)";
				SWIFT_VERSION = 4.0;
				TARGETED_DEVICE_FAMILY = "1,2";
			};
			name = Debug;
		};
		8D97997B204ED2FE001AFE28 /* Release */ = {
			isa = XCBuildConfiguration;
			buildSettings = {
				ASSETCATALOG_COMPILER_APPICON_NAME = AppIcon;
				CODE_SIGN_STYLE = Automatic;
				DEVELOPMENT_TEAM = HKNDM66956;
				INFOPLIST_FILE = FoodPin/Info.plist;
				IPHONEOS_DEPLOYMENT_TARGET = 11.2;
				LD_RUNPATH_SEARCH_PATHS = "$(inherited) @executable_path/Frameworks";
				PRODUCT_BUNDLE_IDENTIFIER = io.github.jtang0506.FoodPin;
				PRODUCT_NAME = "$(TARGET_NAME)";
				SWIFT_VERSION = 4.0;
				TARGETED_DEVICE_FAMILY = "1,2";
			};
			name = Release;
		};
/* End XCBuildConfiguration section */

/* Begin XCConfigurationList section */
		8D979962204ED2FE001AFE28 /* Build configuration list for PBXProject "FoodPin" */ = {
			isa = XCConfigurationList;
			buildConfigurations = (
				8D979977204ED2FE001AFE28 /* Debug */,
				8D979978204ED2FE001AFE28 /* Release */,
			);
			defaultConfigurationIsVisible = 0;
			defaultConfigurationName = Release;
		};
		8D979979204ED2FE001AFE28 /* Build configuration list for PBXNativeTarget "FoodPin" */ = {
			isa = XCConfigurationList;
			buildConfigurations = (
				8D97997A204ED2FE001AFE28 /* Debug */,
				8D97997B204ED2FE001AFE28 /* Release */,
			);
			defaultConfigurationIsVisible = 0;
			defaultConfigurationName = Release;
		};
/* End XCConfigurationList section */

/* Begin XCVersionGroup section */
		8DC1C2BB205842C800A94D0B /* FoodPin.xcdatamodeld */ = {
			isa = XCVersionGroup;
			children = (
				8DC1C2BC205842C800A94D0B /* FoodPin.xcdatamodel */,
			);
			currentVersion = 8DC1C2BC205842C800A94D0B /* FoodPin.xcdatamodel */;
			path = FoodPin.xcdatamodeld;
			sourceTree = "<group>";
			versionGroupType = wrapper.xcdatamodel;
		};
/* End XCVersionGroup section */
	};
	rootObject = 8D97995F204ED2FE001AFE28 /* Project object */;
}
